// !$*UTF8*$!
{
	archiveVersion = 1;
	classes = {
	};
	objectVersion = 50;
	objects = {

/* Begin PBXBuildFile section */
		221EE8A4253172EC005FD9FF /* WarbyParkerStoresApp.swift in Sources */ = {isa = PBXBuildFile; fileRef = 221EE8A3253172EC005FD9FF /* WarbyParkerStoresApp.swift */; };
		221EE8A6253172EC005FD9FF /* StoreLocationsView.swift in Sources */ = {isa = PBXBuildFile; fileRef = 221EE8A5253172EC005FD9FF /* StoreLocationsView.swift */; };
		221EE8A8253172ED005FD9FF /* Assets.xcassets in Resources */ = {isa = PBXBuildFile; fileRef = 221EE8A7253172ED005FD9FF /* Assets.xcassets */; };
		221EE8AB253172ED005FD9FF /* Preview Assets.xcassets in Resources */ = {isa = PBXBuildFile; fileRef = 221EE8AA253172ED005FD9FF /* Preview Assets.xcassets */; };
		221EE8B6253172ED005FD9FF /* WarbyParkerStoresTests.swift in Sources */ = {isa = PBXBuildFile; fileRef = 221EE8B5253172ED005FD9FF /* WarbyParkerStoresTests.swift */; };
		221EE8C1253172ED005FD9FF /* WarbyParkerStoresUITests.swift in Sources */ = {isa = PBXBuildFile; fileRef = 221EE8C0253172ED005FD9FF /* WarbyParkerStoresUITests.swift */; };
		22790C3325329D5C00EC4EC7 /* StoreLocationsModels.swift in Sources */ = {isa = PBXBuildFile; fileRef = 22790C3225329D5C00EC4EC7 /* StoreLocationsModels.swift */; };
		22790C402532A79400EC4EC7 /* TestData.json in Resources */ = {isa = PBXBuildFile; fileRef = 22790C3F2532A79400EC4EC7 /* TestData.json */; };
		22790C452532A86A00EC4EC7 /* Helper.swift in Sources */ = {isa = PBXBuildFile; fileRef = 22790C442532A86A00EC4EC7 /* Helper.swift */; };
		22790C522532AB7300EC4EC7 /* StoreLocationRow.swift in Sources */ = {isa = PBXBuildFile; fileRef = 22790C512532AB7300EC4EC7 /* StoreLocationRow.swift */; };
		22790C5D2532B39500EC4EC7 /* StoreLocationDetail.swift in Sources */ = {isa = PBXBuildFile; fileRef = 22790C5C2532B39500EC4EC7 /* StoreLocationDetail.swift */; };
		22881BE42533F8EC0051D0DA /* StoreLocationsViewModelTests.swift in Sources */ = {isa = PBXBuildFile; fileRef = 22881BE32533F8EC0051D0DA /* StoreLocationsViewModelTests.swift */; };
		22881BE82533F92E0051D0DA /* StoreLocationsViewModel.swift in Sources */ = {isa = PBXBuildFile; fileRef = 22CF273B2533D11300FA1966 /* StoreLocationsViewModel.swift */; };
		22881BEC2533F9320051D0DA /* StoreLocationsRepository.swift in Sources */ = {isa = PBXBuildFile; fileRef = 22CF27332533D0EA00FA1966 /* StoreLocationsRepository.swift */; };
		22881BF02533F9370051D0DA /* StoreLocationsModels.swift in Sources */ = {isa = PBXBuildFile; fileRef = 22790C3225329D5C00EC4EC7 /* StoreLocationsModels.swift */; };
		22881BF42533FAA00051D0DA /* Helper.swift in Sources */ = {isa = PBXBuildFile; fileRef = 22790C442532A86A00EC4EC7 /* Helper.swift */; };
		22CF27232533BBBF00FA1966 /* AppView.swift in Sources */ = {isa = PBXBuildFile; fileRef = 22CF27222533BBBF00FA1966 /* AppView.swift */; };
		22CF27342533D0EA00FA1966 /* StoreLocationsRepository.swift in Sources */ = {isa = PBXBuildFile; fileRef = 22CF27332533D0EA00FA1966 /* StoreLocationsRepository.swift */; };
		22CF273C2533D11300FA1966 /* StoreLocationsViewModel.swift in Sources */ = {isa = PBXBuildFile; fileRef = 22CF273B2533D11300FA1966 /* StoreLocationsViewModel.swift */; };
/* End PBXBuildFile section */

/* Begin PBXContainerItemProxy section */
		221EE8B2253172ED005FD9FF /* PBXContainerItemProxy */ = {
			isa = PBXContainerItemProxy;
			containerPortal = 221EE898253172EC005FD9FF /* Project object */;
			proxyType = 1;
			remoteGlobalIDString = 221EE89F253172EC005FD9FF;
			remoteInfo = WarbyParkerStores;
		};
		221EE8BD253172ED005FD9FF /* PBXContainerItemProxy */ = {
			isa = PBXContainerItemProxy;
			containerPortal = 221EE898253172EC005FD9FF /* Project object */;
			proxyType = 1;
			remoteGlobalIDString = 221EE89F253172EC005FD9FF;
			remoteInfo = WarbyParkerStores;
		};
/* End PBXContainerItemProxy section */

/* Begin PBXFileReference section */
		221EE8A0253172EC005FD9FF /* WarbyParkerStores.app */ = {isa = PBXFileReference; explicitFileType = wrapper.application; includeInIndex = 0; path = WarbyParkerStores.app; sourceTree = BUILT_PRODUCTS_DIR; };
		221EE8A3253172EC005FD9FF /* WarbyParkerStoresApp.swift */ = {isa = PBXFileReference; lastKnownFileType = sourcecode.swift; path = WarbyParkerStoresApp.swift; sourceTree = "<group>"; };
		221EE8A5253172EC005FD9FF /* StoreLocationsView.swift */ = {isa = PBXFileReference; lastKnownFileType = sourcecode.swift; path = StoreLocationsView.swift; sourceTree = "<group>"; };
		221EE8A7253172ED005FD9FF /* Assets.xcassets */ = {isa = PBXFileReference; lastKnownFileType = folder.assetcatalog; path = Assets.xcassets; sourceTree = "<group>"; };
		221EE8AA253172ED005FD9FF /* Preview Assets.xcassets */ = {isa = PBXFileReference; lastKnownFileType = folder.assetcatalog; path = "Preview Assets.xcassets"; sourceTree = "<group>"; };
		221EE8AC253172ED005FD9FF /* Info.plist */ = {isa = PBXFileReference; lastKnownFileType = text.plist.xml; path = Info.plist; sourceTree = "<group>"; };
		221EE8B1253172ED005FD9FF /* WarbyParkerStoresTests.xctest */ = {isa = PBXFileReference; explicitFileType = wrapper.cfbundle; includeInIndex = 0; path = WarbyParkerStoresTests.xctest; sourceTree = BUILT_PRODUCTS_DIR; };
		221EE8B5253172ED005FD9FF /* WarbyParkerStoresTests.swift */ = {isa = PBXFileReference; lastKnownFileType = sourcecode.swift; path = WarbyParkerStoresTests.swift; sourceTree = "<group>"; };
		221EE8B7253172ED005FD9FF /* Info.plist */ = {isa = PBXFileReference; lastKnownFileType = text.plist.xml; path = Info.plist; sourceTree = "<group>"; };
		221EE8BC253172ED005FD9FF /* WarbyParkerStoresUITests.xctest */ = {isa = PBXFileReference; explicitFileType = wrapper.cfbundle; includeInIndex = 0; path = WarbyParkerStoresUITests.xctest; sourceTree = BUILT_PRODUCTS_DIR; };
		221EE8C0253172ED005FD9FF /* WarbyParkerStoresUITests.swift */ = {isa = PBXFileReference; lastKnownFileType = sourcecode.swift; path = WarbyParkerStoresUITests.swift; sourceTree = "<group>"; };
		221EE8C2253172ED005FD9FF /* Info.plist */ = {isa = PBXFileReference; lastKnownFileType = text.plist.xml; path = Info.plist; sourceTree = "<group>"; };
		22790C3225329D5C00EC4EC7 /* StoreLocationsModels.swift */ = {isa = PBXFileReference; lastKnownFileType = sourcecode.swift; path = StoreLocationsModels.swift; sourceTree = "<group>"; };
		22790C3F2532A79400EC4EC7 /* TestData.json */ = {isa = PBXFileReference; fileEncoding = 4; lastKnownFileType = text.json; path = TestData.json; sourceTree = "<group>"; };
		22790C442532A86A00EC4EC7 /* Helper.swift */ = {isa = PBXFileReference; lastKnownFileType = sourcecode.swift; path = Helper.swift; sourceTree = "<group>"; };
		22790C512532AB7300EC4EC7 /* StoreLocationRow.swift */ = {isa = PBXFileReference; lastKnownFileType = sourcecode.swift; path = StoreLocationRow.swift; sourceTree = "<group>"; };
		22790C5C2532B39500EC4EC7 /* StoreLocationDetail.swift */ = {isa = PBXFileReference; lastKnownFileType = sourcecode.swift; path = StoreLocationDetail.swift; sourceTree = "<group>"; };
		22881BE32533F8EC0051D0DA /* StoreLocationsViewModelTests.swift */ = {isa = PBXFileReference; lastKnownFileType = sourcecode.swift; path = StoreLocationsViewModelTests.swift; sourceTree = "<group>"; };
		22CF27222533BBBF00FA1966 /* AppView.swift */ = {isa = PBXFileReference; lastKnownFileType = sourcecode.swift; path = AppView.swift; sourceTree = "<group>"; };
		22CF27332533D0EA00FA1966 /* StoreLocationsRepository.swift */ = {isa = PBXFileReference; lastKnownFileType = sourcecode.swift; path = StoreLocationsRepository.swift; sourceTree = "<group>"; };
		22CF273B2533D11300FA1966 /* StoreLocationsViewModel.swift */ = {isa = PBXFileReference; lastKnownFileType = sourcecode.swift; path = StoreLocationsViewModel.swift; sourceTree = "<group>"; };
/* End PBXFileReference section */

/* Begin PBXFrameworksBuildPhase section */
		221EE89D253172EC005FD9FF /* Frameworks */ = {
			isa = PBXFrameworksBuildPhase;
			buildActionMask = 2147483647;
			files = (
			);
			runOnlyForDeploymentPostprocessing = 0;
		};
		221EE8AE253172ED005FD9FF /* Frameworks */ = {
			isa = PBXFrameworksBuildPhase;
			buildActionMask = 2147483647;
			files = (
			);
			runOnlyForDeploymentPostprocessing = 0;
		};
		221EE8B9253172ED005FD9FF /* Frameworks */ = {
			isa = PBXFrameworksBuildPhase;
			buildActionMask = 2147483647;
			files = (
			);
			runOnlyForDeploymentPostprocessing = 0;
		};
/* End PBXFrameworksBuildPhase section */

/* Begin PBXGroup section */
		221EE897253172EC005FD9FF = {
			isa = PBXGroup;
			children = (
				221EE8A2253172EC005FD9FF /* WarbyParkerStores */,
				221EE8B4253172ED005FD9FF /* WarbyParkerStoresTests */,
				221EE8BF253172ED005FD9FF /* WarbyParkerStoresUITests */,
				221EE8A1253172EC005FD9FF /* Products */,
			);
			sourceTree = "<group>";
		};
		221EE8A1253172EC005FD9FF /* Products */ = {
			isa = PBXGroup;
			children = (
				221EE8A0253172EC005FD9FF /* WarbyParkerStores.app */,
				221EE8B1253172ED005FD9FF /* WarbyParkerStoresTests.xctest */,
				221EE8BC253172ED005FD9FF /* WarbyParkerStoresUITests.xctest */,
			);
			name = Products;
			sourceTree = "<group>";
		};
		221EE8A2253172EC005FD9FF /* WarbyParkerStores */ = {
			isa = PBXGroup;
			children = (
				221EE8A3253172EC005FD9FF /* WarbyParkerStoresApp.swift */,
				22CF27222533BBBF00FA1966 /* AppView.swift */,
				221EE8A5253172EC005FD9FF /* StoreLocationsView.swift */,
				22790C512532AB7300EC4EC7 /* StoreLocationRow.swift */,
				22790C5C2532B39500EC4EC7 /* StoreLocationDetail.swift */,
				22CF273B2533D11300FA1966 /* StoreLocationsViewModel.swift */,
				22CF27332533D0EA00FA1966 /* StoreLocationsRepository.swift */,
				22790C3225329D5C00EC4EC7 /* StoreLocationsModels.swift */,
				22790C442532A86A00EC4EC7 /* Helper.swift */,
				22790C3F2532A79400EC4EC7 /* TestData.json */,
				221EE8A7253172ED005FD9FF /* Assets.xcassets */,
				221EE8AC253172ED005FD9FF /* Info.plist */,
				221EE8A9253172ED005FD9FF /* Preview Content */,
			);
			path = WarbyParkerStores;
			sourceTree = "<group>";
		};
		221EE8A9253172ED005FD9FF /* Preview Content */ = {
			isa = PBXGroup;
			children = (
				221EE8AA253172ED005FD9FF /* Preview Assets.xcassets */,
			);
			path = "Preview Content";
			sourceTree = "<group>";
		};
		221EE8B4253172ED005FD9FF /* WarbyParkerStoresTests */ = {
			isa = PBXGroup;
			children = (
				221EE8B5253172ED005FD9FF /* WarbyParkerStoresTests.swift */,
				221EE8B7253172ED005FD9FF /* Info.plist */,
				22881BE32533F8EC0051D0DA /* StoreLocationsViewModelTests.swift */,
			);
			path = WarbyParkerStoresTests;
			sourceTree = "<group>";
		};
		221EE8BF253172ED005FD9FF /* WarbyParkerStoresUITests */ = {
			isa = PBXGroup;
			children = (
				221EE8C0253172ED005FD9FF /* WarbyParkerStoresUITests.swift */,
				221EE8C2253172ED005FD9FF /* Info.plist */,
			);
			path = WarbyParkerStoresUITests;
			sourceTree = "<group>";
		};
/* End PBXGroup section */

/* Begin PBXNativeTarget section */
		221EE89F253172EC005FD9FF /* WarbyParkerStores */ = {
			isa = PBXNativeTarget;
			buildConfigurationList = 221EE8C5253172ED005FD9FF /* Build configuration list for PBXNativeTarget "WarbyParkerStores" */;
			buildPhases = (
				221EE89C253172EC005FD9FF /* Sources */,
				221EE89D253172EC005FD9FF /* Frameworks */,
				221EE89E253172EC005FD9FF /* Resources */,
			);
			buildRules = (
			);
			dependencies = (
			);
			name = WarbyParkerStores;
			productName = WarbyParkerStores;
			productReference = 221EE8A0253172EC005FD9FF /* WarbyParkerStores.app */;
			productType = "com.apple.product-type.application";
		};
		221EE8B0253172ED005FD9FF /* WarbyParkerStoresTests */ = {
			isa = PBXNativeTarget;
			buildConfigurationList = 221EE8C8253172ED005FD9FF /* Build configuration list for PBXNativeTarget "WarbyParkerStoresTests" */;
			buildPhases = (
				221EE8AD253172ED005FD9FF /* Sources */,
				221EE8AE253172ED005FD9FF /* Frameworks */,
				221EE8AF253172ED005FD9FF /* Resources */,
			);
			buildRules = (
			);
			dependencies = (
				221EE8B3253172ED005FD9FF /* PBXTargetDependency */,
			);
			name = WarbyParkerStoresTests;
			productName = WarbyParkerStoresTests;
			productReference = 221EE8B1253172ED005FD9FF /* WarbyParkerStoresTests.xctest */;
			productType = "com.apple.product-type.bundle.unit-test";
		};
		221EE8BB253172ED005FD9FF /* WarbyParkerStoresUITests */ = {
			isa = PBXNativeTarget;
			buildConfigurationList = 221EE8CB253172ED005FD9FF /* Build configuration list for PBXNativeTarget "WarbyParkerStoresUITests" */;
			buildPhases = (
				221EE8B8253172ED005FD9FF /* Sources */,
				221EE8B9253172ED005FD9FF /* Frameworks */,
				221EE8BA253172ED005FD9FF /* Resources */,
			);
			buildRules = (
			);
			dependencies = (
				221EE8BE253172ED005FD9FF /* PBXTargetDependency */,
			);
			name = WarbyParkerStoresUITests;
			productName = WarbyParkerStoresUITests;
			productReference = 221EE8BC253172ED005FD9FF /* WarbyParkerStoresUITests.xctest */;
			productType = "com.apple.product-type.bundle.ui-testing";
		};
/* End PBXNativeTarget section */

/* Begin PBXProject section */
		221EE898253172EC005FD9FF /* Project object */ = {
			isa = PBXProject;
			attributes = {
				LastSwiftUpdateCheck = 1200;
				LastUpgradeCheck = 1200;
				TargetAttributes = {
					221EE89F253172EC005FD9FF = {
						CreatedOnToolsVersion = 12.0.1;
					};
					221EE8B0253172ED005FD9FF = {
						CreatedOnToolsVersion = 12.0.1;
						TestTargetID = 221EE89F253172EC005FD9FF;
					};
					221EE8BB253172ED005FD9FF = {
						CreatedOnToolsVersion = 12.0.1;
						TestTargetID = 221EE89F253172EC005FD9FF;
					};
				};
			};
			buildConfigurationList = 221EE89B253172EC005FD9FF /* Build configuration list for PBXProject "WarbyParkerStores" */;
			compatibilityVersion = "Xcode 9.3";
			developmentRegion = en;
			hasScannedForEncodings = 0;
			knownRegions = (
				en,
				Base,
			);
			mainGroup = 221EE897253172EC005FD9FF;
			productRefGroup = 221EE8A1253172EC005FD9FF /* Products */;
			projectDirPath = "";
			projectRoot = "";
			targets = (
				221EE89F253172EC005FD9FF /* WarbyParkerStores */,
				221EE8B0253172ED005FD9FF /* WarbyParkerStoresTests */,
				221EE8BB253172ED005FD9FF /* WarbyParkerStoresUITests */,
			);
		};
/* End PBXProject section */

/* Begin PBXResourcesBuildPhase section */
		221EE89E253172EC005FD9FF /* Resources */ = {
			isa = PBXResourcesBuildPhase;
			buildActionMask = 2147483647;
			files = (
				22790C402532A79400EC4EC7 /* TestData.json in Resources */,
				221EE8AB253172ED005FD9FF /* Preview Assets.xcassets in Resources */,
				221EE8A8253172ED005FD9FF /* Assets.xcassets in Resources */,
			);
			runOnlyForDeploymentPostprocessing = 0;
		};
		221EE8AF253172ED005FD9FF /* Resources */ = {
			isa = PBXResourcesBuildPhase;
			buildActionMask = 2147483647;
			files = (
			);
			runOnlyForDeploymentPostprocessing = 0;
		};
		221EE8BA253172ED005FD9FF /* Resources */ = {
			isa = PBXResourcesBuildPhase;
			buildActionMask = 2147483647;
			files = (
			);
			runOnlyForDeploymentPostprocessing = 0;
		};
/* End PBXResourcesBuildPhase section */

/* Begin PBXSourcesBuildPhase section */
		221EE89C253172EC005FD9FF /* Sources */ = {
			isa = PBXSourcesBuildPhase;
			buildActionMask = 2147483647;
			files = (
				22790C3325329D5C00EC4EC7 /* StoreLocationsModels.swift in Sources */,
				22CF27342533D0EA00FA1966 /* StoreLocationsRepository.swift in Sources */,
				22CF27232533BBBF00FA1966 /* AppView.swift in Sources */,
				221EE8A6253172EC005FD9FF /* StoreLocationsView.swift in Sources */,
				22CF273C2533D11300FA1966 /* StoreLocationsViewModel.swift in Sources */,
				22790C452532A86A00EC4EC7 /* Helper.swift in Sources */,
				22790C522532AB7300EC4EC7 /* StoreLocationRow.swift in Sources */,
				22790C5D2532B39500EC4EC7 /* StoreLocationDetail.swift in Sources */,
				221EE8A4253172EC005FD9FF /* WarbyParkerStoresApp.swift in Sources */,
			);
			runOnlyForDeploymentPostprocessing = 0;
		};
		221EE8AD253172ED005FD9FF /* Sources */ = {
			isa = PBXSourcesBuildPhase;
			buildActionMask = 2147483647;
			files = (
				221EE8B6253172ED005FD9FF /* WarbyParkerStoresTests.swift in Sources */,
				22881BE82533F92E0051D0DA /* StoreLocationsViewModel.swift in Sources */,
				22881BEC2533F9320051D0DA /* StoreLocationsRepository.swift in Sources */,
				22881BF02533F9370051D0DA /* StoreLocationsModels.swift in Sources */,
				22881BE42533F8EC0051D0DA /* StoreLocationsViewModelTests.swift in Sources */,
				22881BF42533FAA00051D0DA /* Helper.swift in Sources */,
			);
			runOnlyForDeploymentPostprocessing = 0;
		};
		221EE8B8253172ED005FD9FF /* Sources */ = {
			isa = PBXSourcesBuildPhase;
			buildActionMask = 2147483647;
			files = (
				221EE8C1253172ED005FD9FF /* WarbyParkerStoresUITests.swift in Sources */,
			);
			runOnlyForDeploymentPostprocessing = 0;
		};
/* End PBXSourcesBuildPhase section */

/* Begin PBXTargetDependency section */
		221EE8B3253172ED005FD9FF /* PBXTargetDependency */ = {
			isa = PBXTargetDependency;
			target = 221EE89F253172EC005FD9FF /* WarbyParkerStores */;
			targetProxy = 221EE8B2253172ED005FD9FF /* PBXContainerItemProxy */;
		};
		221EE8BE253172ED005FD9FF /* PBXTargetDependency */ = {
			isa = PBXTargetDependency;
			target = 221EE89F253172EC005FD9FF /* WarbyParkerStores */;
			targetProxy = 221EE8BD253172ED005FD9FF /* PBXContainerItemProxy */;
		};
/* End PBXTargetDependency section */

/* Begin XCBuildConfiguration section */
		221EE8C3253172ED005FD9FF /* Debug */ = {
			isa = XCBuildConfiguration;
			buildSettings = {
				ALWAYS_SEARCH_USER_PATHS = NO;
				CLANG_ANALYZER_NONNULL = YES;
				CLANG_ANALYZER_NUMBER_OBJECT_CONVERSION = YES_AGGRESSIVE;
				CLANG_CXX_LANGUAGE_STANDARD = "gnu++14";
				CLANG_CXX_LIBRARY = "libc++";
				CLANG_ENABLE_MODULES = YES;
				CLANG_ENABLE_OBJC_ARC = YES;
				CLANG_ENABLE_OBJC_WEAK = YES;
				CLANG_WARN_BLOCK_CAPTURE_AUTORELEASING = YES;
				CLANG_WARN_BOOL_CONVERSION = YES;
				CLANG_WARN_COMMA = YES;
				CLANG_WARN_CONSTANT_CONVERSION = YES;
				CLANG_WARN_DEPRECATED_OBJC_IMPLEMENTATIONS = YES;
				CLANG_WARN_DIRECT_OBJC_ISA_USAGE = YES_ERROR;
				CLANG_WARN_DOCUMENTATION_COMMENTS = YES;
				CLANG_WARN_EMPTY_BODY = YES;
				CLANG_WARN_ENUM_CONVERSION = YES;
				CLANG_WARN_INFINITE_RECURSION = YES;
				CLANG_WARN_INT_CONVERSION = YES;
				CLANG_WARN_NON_LITERAL_NULL_CONVERSION = YES;
				CLANG_WARN_OBJC_IMPLICIT_RETAIN_SELF = YES;
				CLANG_WARN_OBJC_LITERAL_CONVERSION = YES;
				CLANG_WARN_OBJC_ROOT_CLASS = YES_ERROR;
				CLANG_WARN_QUOTED_INCLUDE_IN_FRAMEWORK_HEADER = YES;
				CLANG_WARN_RANGE_LOOP_ANALYSIS = YES;
				CLANG_WARN_STRICT_PROTOTYPES = YES;
				CLANG_WARN_SUSPICIOUS_MOVE = YES;
				CLANG_WARN_UNGUARDED_AVAILABILITY = YES_AGGRESSIVE;
				CLANG_WARN_UNREACHABLE_CODE = YES;
				CLANG_WARN__DUPLICATE_METHOD_MATCH = YES;
				COPY_PHASE_STRIP = NO;
				DEBUG_INFORMATION_FORMAT = dwarf;
				ENABLE_STRICT_OBJC_MSGSEND = YES;
				ENABLE_TESTABILITY = YES;
				GCC_C_LANGUAGE_STANDARD = gnu11;
				GCC_DYNAMIC_NO_PIC = NO;
				GCC_NO_COMMON_BLOCKS = YES;
				GCC_OPTIMIZATION_LEVEL = 0;
				GCC_PREPROCESSOR_DEFINITIONS = (
					"DEBUG=1",
					"$(inherited)",
				);
				GCC_WARN_64_TO_32_BIT_CONVERSION = YES;
				GCC_WARN_ABOUT_RETURN_TYPE = YES_ERROR;
				GCC_WARN_UNDECLARED_SELECTOR = YES;
				GCC_WARN_UNINITIALIZED_AUTOS = YES_AGGRESSIVE;
				GCC_WARN_UNUSED_FUNCTION = YES;
				GCC_WARN_UNUSED_VARIABLE = YES;
				IPHONEOS_DEPLOYMENT_TARGET = 14.0;
				MTL_ENABLE_DEBUG_INFO = INCLUDE_SOURCE;
				MTL_FAST_MATH = YES;
				ONLY_ACTIVE_ARCH = YES;
				SDKROOT = iphoneos;
				SWIFT_ACTIVE_COMPILATION_CONDITIONS = DEBUG;
				SWIFT_OPTIMIZATION_LEVEL = "-Onone";
			};
			name = Debug;
		};
		221EE8C4253172ED005FD9FF /* Release */ = {
			isa = XCBuildConfiguration;
			buildSettings = {
				ALWAYS_SEARCH_USER_PATHS = NO;
				CLANG_ANALYZER_NONNULL = YES;
				CLANG_ANALYZER_NUMBER_OBJECT_CONVERSION = YES_AGGRESSIVE;
				CLANG_CXX_LANGUAGE_STANDARD = "gnu++14";
				CLANG_CXX_LIBRARY = "libc++";
				CLANG_ENABLE_MODULES = YES;
				CLANG_ENABLE_OBJC_ARC = YES;
				CLANG_ENABLE_OBJC_WEAK = YES;
				CLANG_WARN_BLOCK_CAPTURE_AUTORELEASING = YES;
				CLANG_WARN_BOOL_CONVERSION = YES;
				CLANG_WARN_COMMA = YES;
				CLANG_WARN_CONSTANT_CONVERSION = YES;
				CLANG_WARN_DEPRECATED_OBJC_IMPLEMENTATIONS = YES;
				CLANG_WARN_DIRECT_OBJC_ISA_USAGE = YES_ERROR;
				CLANG_WARN_DOCUMENTATION_COMMENTS = YES;
				CLANG_WARN_EMPTY_BODY = YES;
				CLANG_WARN_ENUM_CONVERSION = YES;
				CLANG_WARN_INFINITE_RECURSION = YES;
				CLANG_WARN_INT_CONVERSION = YES;
				CLANG_WARN_NON_LITERAL_NULL_CONVERSION = YES;
				CLANG_WARN_OBJC_IMPLICIT_RETAIN_SELF = YES;
				CLANG_WARN_OBJC_LITERAL_CONVERSION = YES;
				CLANG_WARN_OBJC_ROOT_CLASS = YES_ERROR;
				CLANG_WARN_QUOTED_INCLUDE_IN_FRAMEWORK_HEADER = YES;
				CLANG_WARN_RANGE_LOOP_ANALYSIS = YES;
				CLANG_WARN_STRICT_PROTOTYPES = YES;
				CLANG_WARN_SUSPICIOUS_MOVE = YES;
				CLANG_WARN_UNGUARDED_AVAILABILITY = YES_AGGRESSIVE;
				CLANG_WARN_UNREACHABLE_CODE = YES;
				CLANG_WARN__DUPLICATE_METHOD_MATCH = YES;
				COPY_PHASE_STRIP = NO;
				DEBUG_INFORMATION_FORMAT = "dwarf-with-dsym";
				ENABLE_NS_ASSERTIONS = NO;
				ENABLE_STRICT_OBJC_MSGSEND = YES;
				GCC_C_LANGUAGE_STANDARD = gnu11;
				GCC_NO_COMMON_BLOCKS = YES;
				GCC_WARN_64_TO_32_BIT_CONVERSION = YES;
				GCC_WARN_ABOUT_RETURN_TYPE = YES_ERROR;
				GCC_WARN_UNDECLARED_SELECTOR = YES;
				GCC_WARN_UNINITIALIZED_AUTOS = YES_AGGRESSIVE;
				GCC_WARN_UNUSED_FUNCTION = YES;
				GCC_WARN_UNUSED_VARIABLE = YES;
				IPHONEOS_DEPLOYMENT_TARGET = 14.0;
				MTL_ENABLE_DEBUG_INFO = NO;
				MTL_FAST_MATH = YES;
				SDKROOT = iphoneos;
				SWIFT_COMPILATION_MODE = wholemodule;
				SWIFT_OPTIMIZATION_LEVEL = "-O";
				VALIDATE_PRODUCT = YES;
			};
			name = Release;
		};
		221EE8C6253172ED005FD9FF /* Debug */ = {
			isa = XCBuildConfiguration;
			buildSettings = {
				ASSETCATALOG_COMPILER_APPICON_NAME = AppIcon;
				ASSETCATALOG_COMPILER_GLOBAL_ACCENT_COLOR_NAME = AccentColor;
				CODE_SIGN_STYLE = Automatic;
				DEVELOPMENT_ASSET_PATHS = "\"WarbyParkerStores/Preview Content\"";
				ENABLE_PREVIEWS = YES;
				INFOPLIST_FILE = WarbyParkerStores/Info.plist;
				IPHONEOS_DEPLOYMENT_TARGET = 14.0;
				LD_RUNPATH_SEARCH_PATHS = (
					"$(inherited)",
					"@executable_path/Frameworks",
				);
				PRODUCT_BUNDLE_IDENTIFIER = com.jon.WarbyParkerStores;
				PRODUCT_NAME = "$(TARGET_NAME)";
				SWIFT_VERSION = 5.0;
				TARGETED_DEVICE_FAMILY = "1,2";
			};
			name = Debug;
		};
		221EE8C7253172ED005FD9FF /* Release */ = {
			isa = XCBuildConfiguration;
			buildSettings = {
				ASSETCATALOG_COMPILER_APPICON_NAME = AppIcon;
				ASSETCATALOG_COMPILER_GLOBAL_ACCENT_COLOR_NAME = AccentColor;
				CODE_SIGN_STYLE = Automatic;
				DEVELOPMENT_ASSET_PATHS = "\"WarbyParkerStores/Preview Content\"";
				ENABLE_PREVIEWS = YES;
				INFOPLIST_FILE = WarbyParkerStores/Info.plist;
				IPHONEOS_DEPLOYMENT_TARGET = 14.0;
				LD_RUNPATH_SEARCH_PATHS = (
					"$(inherited)",
					"@executable_path/Frameworks",
				);
				PRODUCT_BUNDLE_IDENTIFIER = com.jon.WarbyParkerStores;
				PRODUCT_NAME = "$(TARGET_NAME)";
				SWIFT_VERSION = 5.0;
				TARGETED_DEVICE_FAMILY = "1,2";
			};
			name = Release;
		};
		221EE8C9253172ED005FD9FF /* Debug */ = {
			isa = XCBuildConfiguration;
			buildSettings = {
				ALWAYS_EMBED_SWIFT_STANDARD_LIBRARIES = YES;
				BUNDLE_LOADER = "$(TEST_HOST)";
				CODE_SIGN_STYLE = Automatic;
				INFOPLIST_FILE = WarbyParkerStoresTests/Info.plist;
				IPHONEOS_DEPLOYMENT_TARGET = 14.0;
				LD_RUNPATH_SEARCH_PATHS = (
					"$(inherited)",
					"@executable_path/Frameworks",
					"@loader_path/Frameworks",
				);
				PRODUCT_BUNDLE_IDENTIFIER = com.jon.WarbyParkerStoresTests;
				PRODUCT_NAME = "$(TARGET_NAME)";
				SWIFT_VERSION = 5.0;
				TARGETED_DEVICE_FAMILY = "1,2";
				TEST_HOST = "$(BUILT_PRODUCTS_DIR)/WarbyParkerStores.app/WarbyParkerStores";
			};
			name = Debug;
		};
		221EE8CA253172ED005FD9FF /* Release */ = {
			isa = XCBuildConfiguration;
			buildSettings = {
				ALWAYS_EMBED_SWIFT_STANDARD_LIBRARIES = YES;
				BUNDLE_LOADER = "$(TEST_HOST)";
				CODE_SIGN_STYLE = Automatic;
				INFOPLIST_FILE = WarbyParkerStoresTests/Info.plist;
				IPHONEOS_DEPLOYMENT_TARGET = 14.0;
				LD_RUNPATH_SEARCH_PATHS = (
					"$(inherited)",
					"@executable_path/Frameworks",
					"@loader_path/Frameworks",
				);
				PRODUCT_BUNDLE_IDENTIFIER = com.jon.WarbyParkerStoresTests;
				PRODUCT_NAME = "$(TARGET_NAME)";
				SWIFT_VERSION = 5.0;
				TARGETED_DEVICE_FAMILY = "1,2";
				TEST_HOST = "$(BUILT_PRODUCTS_DIR)/WarbyParkerStores.app/WarbyParkerStores";
			};
			name = Release;
		};
		221EE8CC253172ED005FD9FF /* Debug */ = {
			isa = XCBuildConfiguration;
			buildSettings = {
				ALWAYS_EMBED_SWIFT_STANDARD_LIBRARIES = YES;
				CODE_SIGN_STYLE = Automatic;
				INFOPLIST_FILE = WarbyParkerStoresUITests/Info.plist;
				LD_RUNPATH_SEARCH_PATHS = (
					"$(inherited)",
					"@executable_path/Frameworks",
					"@loader_path/Frameworks",
				);
				PRODUCT_BUNDLE_IDENTIFIER = com.jon.WarbyParkerStoresUITests;
				PRODUCT_NAME = "$(TARGET_NAME)";
				SWIFT_VERSION = 5.0;
				TARGETED_DEVICE_FAMILY = "1,2";
				TEST_TARGET_NAME = WarbyParkerStores;
			};
			name = Debug;
		};
		221EE8CD253172ED005FD9FF /* Release */ = {
			isa = XCBuildConfiguration;
			buildSettings = {
				ALWAYS_EMBED_SWIFT_STANDARD_LIBRARIES = YES;
				CODE_SIGN_STYLE = Automatic;
				INFOPLIST_FILE = WarbyParkerStoresUITests/Info.plist;
				LD_RUNPATH_SEARCH_PATHS = (
					"$(inherited)",
					"@executable_path/Frameworks",
					"@loader_path/Frameworks",
				);
				PRODUCT_BUNDLE_IDENTIFIER = com.jon.WarbyParkerStoresUITests;
				PRODUCT_NAME = "$(TARGET_NAME)";
				SWIFT_VERSION = 5.0;
				TARGETED_DEVICE_FAMILY = "1,2";
				TEST_TARGET_NAME = WarbyParkerStores;
			};
			name = Release;
		};
/* End XCBuildConfiguration section */

/* Begin XCConfigurationList section */
		221EE89B253172EC005FD9FF /* Build configuration list for PBXProject "WarbyParkerStores" */ = {
			isa = XCConfigurationList;
			buildConfigurations = (
				221EE8C3253172ED005FD9FF /* Debug */,
				221EE8C4253172ED005FD9FF /* Release */,
			);
			defaultConfigurationIsVisible = 0;
			defaultConfigurationName = Release;
		};
		221EE8C5253172ED005FD9FF /* Build configuration list for PBXNativeTarget "WarbyParkerStores" */ = {
			isa = XCConfigurationList;
			buildConfigurations = (
				221EE8C6253172ED005FD9FF /* Debug */,
				221EE8C7253172ED005FD9FF /* Release */,
			);
			defaultConfigurationIsVisible = 0;
			defaultConfigurationName = Release;
		};
		221EE8C8253172ED005FD9FF /* Build configuration list for PBXNativeTarget "WarbyParkerStoresTests" */ = {
			isa = XCConfigurationList;
			buildConfigurations = (
				221EE8C9253172ED005FD9FF /* Debug */,
				221EE8CA253172ED005FD9FF /* Release */,
			);
			defaultConfigurationIsVisible = 0;
			defaultConfigurationName = Release;
		};
		221EE8CB253172ED005FD9FF /* Build configuration list for PBXNativeTarget "WarbyParkerStoresUITests" */ = {
			isa = XCConfigurationList;
			buildConfigurations = (
				221EE8CC253172ED005FD9FF /* Debug */,
				221EE8CD253172ED005FD9FF /* Release */,
			);
			defaultConfigurationIsVisible = 0;
			defaultConfigurationName = Release;
		};
/* End XCConfigurationList section */
	};
	rootObject = 221EE898253172EC005FD9FF /* Project object */;
}
